// !$*UTF8*$!
{
	archiveVersion = 1;
	classes = {
	};
	objectVersion = 56;
	objects = {

/* Begin PBXBuildFile section */
		019CBD092A97A67A00FC39BB /* VattenApp.swift in Sources */ = {isa = PBXBuildFile; fileRef = 019CBD082A97A67A00FC39BB /* VattenApp.swift */; };
		019CBD0B2A97A67A00FC39BB /* ContentView.swift in Sources */ = {isa = PBXBuildFile; fileRef = 019CBD0A2A97A67A00FC39BB /* ContentView.swift */; };
		019CBD0D2A97A67B00FC39BB /* Assets.xcassets in Resources */ = {isa = PBXBuildFile; fileRef = 019CBD0C2A97A67B00FC39BB /* Assets.xcassets */; };
		019CBD102A97A67B00FC39BB /* Preview Assets.xcassets in Resources */ = {isa = PBXBuildFile; fileRef = 019CBD0F2A97A67B00FC39BB /* Preview Assets.xcassets */; };
		019CBD192A97A7EF00FC39BB /* Extensions.swift in Sources */ = {isa = PBXBuildFile; fileRef = 019CBD182A97A7EF00FC39BB /* Extensions.swift */; };
		019CBD1C2A97AB0400FC39BB /* SplashView.swift in Sources */ = {isa = PBXBuildFile; fileRef = 019CBD1B2A97AB0400FC39BB /* SplashView.swift */; };
		01D266132A98B52200A42079 /* IBM.ttf in Resources */ = {isa = PBXBuildFile; fileRef = 01D266122A98B52200A42079 /* IBM.ttf */; };
/* End PBXBuildFile section */

/* Begin PBXFileReference section */
		019CBD052A97A67A00FC39BB /* Vatten.app */ = {isa = PBXFileReference; explicitFileType = wrapper.application; includeInIndex = 0; path = Vatten.app; sourceTree = BUILT_PRODUCTS_DIR; };
		019CBD082A97A67A00FC39BB /* VattenApp.swift */ = {isa = PBXFileReference; lastKnownFileType = sourcecode.swift; path = VattenApp.swift; sourceTree = "<group>"; };
		019CBD0A2A97A67A00FC39BB /* ContentView.swift */ = {isa = PBXFileReference; lastKnownFileType = sourcecode.swift; path = ContentView.swift; sourceTree = "<group>"; };
		019CBD0C2A97A67B00FC39BB /* Assets.xcassets */ = {isa = PBXFileReference; lastKnownFileType = folder.assetcatalog; path = Assets.xcassets; sourceTree = "<group>"; };
		019CBD0F2A97A67B00FC39BB /* Preview Assets.xcassets */ = {isa = PBXFileReference; lastKnownFileType = folder.assetcatalog; path = "Preview Assets.xcassets"; sourceTree = "<group>"; };
		019CBD182A97A7EF00FC39BB /* Extensions.swift */ = {isa = PBXFileReference; lastKnownFileType = sourcecode.swift; path = Extensions.swift; sourceTree = "<group>"; };
		019CBD1B2A97AB0400FC39BB /* SplashView.swift */ = {isa = PBXFileReference; lastKnownFileType = sourcecode.swift; path = SplashView.swift; sourceTree = "<group>"; };
		01D266112A98B49A00A42079 /* Info.plist */ = {isa = PBXFileReference; lastKnownFileType = text.plist; path = Info.plist; sourceTree = "<group>"; };
		01D266122A98B52200A42079 /* IBM.ttf */ = {isa = PBXFileReference; lastKnownFileType = file; path = IBM.ttf; sourceTree = "<group>"; };
/* End PBXFileReference section */

/* Begin PBXFrameworksBuildPhase section */
		019CBD022A97A67A00FC39BB /* Frameworks */ = {
			isa = PBXFrameworksBuildPhase;
			buildActionMask = 2147483647;
			files = (
			);
			runOnlyForDeploymentPostprocessing = 0;
		};
/* End PBXFrameworksBuildPhase section */

/* Begin PBXGroup section */
		019CBCFC2A97A67A00FC39BB = {
			isa = PBXGroup;
			children = (
				019CBD072A97A67A00FC39BB /* Vatten */,
				019CBD062A97A67A00FC39BB /* Products */,
			);
			sourceTree = "<group>";
		};
		019CBD062A97A67A00FC39BB /* Products */ = {
			isa = PBXGroup;
			children = (
				019CBD052A97A67A00FC39BB /* Vatten.app */,
			);
			name = Products;
			sourceTree = "<group>";
		};
		019CBD072A97A67A00FC39BB /* Vatten */ = {
			isa = PBXGroup;
			children = (
				01D266112A98B49A00A42079 /* Info.plist */,
				019CBD082A97A67A00FC39BB /* VattenApp.swift */,
				01D2660E2A98B42E00A42079 /* Font */,
				019CBD172A97A7E100FC39BB /* Utility */,
				019CBD1A2A97AAE300FC39BB /* Views */,
				019CBD0C2A97A67B00FC39BB /* Assets.xcassets */,
				019CBD0E2A97A67B00FC39BB /* Preview Content */,
			);
			path = Vatten;
			sourceTree = "<group>";
		};
		019CBD0E2A97A67B00FC39BB /* Preview Content */ = {
			isa = PBXGroup;
			children = (
				019CBD0F2A97A67B00FC39BB /* Preview Assets.xcassets */,
			);
			path = "Preview Content";
			sourceTree = "<group>";
		};
		019CBD172A97A7E100FC39BB /* Utility */ = {
			isa = PBXGroup;
			children = (
				019CBD182A97A7EF00FC39BB /* Extensions.swift */,
			);
			path = Utility;
			sourceTree = "<group>";
		};
		019CBD1A2A97AAE300FC39BB /* Views */ = {
			isa = PBXGroup;
			children = (
				019CBD0A2A97A67A00FC39BB /* ContentView.swift */,
				019CBD1B2A97AB0400FC39BB /* SplashView.swift */,
			);
			path = Views;
			sourceTree = "<group>";
		};
		01D2660E2A98B42E00A42079 /* Font */ = {
			isa = PBXGroup;
			children = (
				01D266122A98B52200A42079 /* IBM.ttf */,
			);
			path = Font;
			sourceTree = "<group>";
		};
/* End PBXGroup section */

/* Begin PBXNativeTarget section */
		019CBD042A97A67A00FC39BB /* Vatten */ = {
			isa = PBXNativeTarget;
			buildConfigurationList = 019CBD132A97A67B00FC39BB /* Build configuration list for PBXNativeTarget "Vatten" */;
			buildPhases = (
				019CBD012A97A67A00FC39BB /* Sources */,
				019CBD022A97A67A00FC39BB /* Frameworks */,
				019CBD032A97A67A00FC39BB /* Resources */,
			);
			buildRules = (
			);
			dependencies = (
			);
			name = Vatten;
			productName = Vatten;
			productReference = 019CBD052A97A67A00FC39BB /* Vatten.app */;
			productType = "com.apple.product-type.application";
		};
/* End PBXNativeTarget section */

/* Begin PBXProject section */
		019CBCFD2A97A67A00FC39BB /* Project object */ = {
			isa = PBXProject;
			attributes = {
				BuildIndependentTargetsInParallel = 1;
				LastSwiftUpdateCheck = 1430;
				LastUpgradeCheck = 1430;
				TargetAttributes = {
					019CBD042A97A67A00FC39BB = {
						CreatedOnToolsVersion = 14.3.1;
					};
				};
			};
			buildConfigurationList = 019CBD002A97A67A00FC39BB /* Build configuration list for PBXProject "Vatten" */;
			compatibilityVersion = "Xcode 14.0";
			developmentRegion = en;
			hasScannedForEncodings = 0;
			knownRegions = (
				en,
				Base,
			);
			mainGroup = 019CBCFC2A97A67A00FC39BB;
			productRefGroup = 019CBD062A97A67A00FC39BB /* Products */;
			projectDirPath = "";
			projectRoot = "";
			targets = (
				019CBD042A97A67A00FC39BB /* Vatten */,
			);
		};
/* End PBXProject section */

/* Begin PBXResourcesBuildPhase section */
		019CBD032A97A67A00FC39BB /* Resources */ = {
			isa = PBXResourcesBuildPhase;
			buildActionMask = 2147483647;
			files = (
				01D266132A98B52200A42079 /* IBM.ttf in Resources */,
				019CBD102A97A67B00FC39BB /* Preview Assets.xcassets in Resources */,
				019CBD0D2A97A67B00FC39BB /* Assets.xcassets in Resources */,
			);
			runOnlyForDeploymentPostprocessing = 0;
		};
/* End PBXResourcesBuildPhase section */

/* Begin PBXSourcesBuildPhase section */
		019CBD012A97A67A00FC39BB /* Sources */ = {
			isa = PBXSourcesBuildPhase;
			buildActionMask = 2147483647;
			files = (
				019CBD0B2A97A67A00FC39BB /* ContentView.swift in Sources */,
				019CBD1C2A97AB0400FC39BB /* SplashView.swift in Sources */,
				019CBD192A97A7EF00FC39BB /* Extensions.swift in Sources */,
				019CBD092A97A67A00FC39BB /* VattenApp.swift in Sources */,
			);
			runOnlyForDeploymentPostprocessing = 0;
		};
/* End PBXSourcesBuildPhase section */

/* Begin XCBuildConfiguration section */
		019CBD112A97A67B00FC39BB /* Debug */ = {
			isa = XCBuildConfiguration;
			buildSettings = {
				ALWAYS_SEARCH_USER_PATHS = NO;
				CLANG_ANALYZER_NONNULL = YES;
				CLANG_ANALYZER_NUMBER_OBJECT_CONVERSION = YES_AGGRESSIVE;
				CLANG_CXX_LANGUAGE_STANDARD = "gnu++20";
				CLANG_ENABLE_MODULES = YES;
				CLANG_ENABLE_OBJC_ARC = YES;
				CLANG_ENABLE_OBJC_WEAK = YES;
				CLANG_WARN_BLOCK_CAPTURE_AUTORELEASING = YES;
				CLANG_WARN_BOOL_CONVERSION = YES;
				CLANG_WARN_COMMA = YES;
				CLANG_WARN_CONSTANT_CONVERSION = YES;
				CLANG_WARN_DEPRECATED_OBJC_IMPLEMENTATIONS = YES;
				CLANG_WARN_DIRECT_OBJC_ISA_USAGE = YES_ERROR;
				CLANG_WARN_DOCUMENTATION_COMMENTS = YES;
				CLANG_WARN_EMPTY_BODY = YES;
				CLANG_WARN_ENUM_CONVERSION = YES;
				CLANG_WARN_INFINITE_RECURSION = YES;
				CLANG_WARN_INT_CONVERSION = YES;
				CLANG_WARN_NON_LITERAL_NULL_CONVERSION = YES;
				CLANG_WARN_OBJC_IMPLICIT_RETAIN_SELF = YES;
				CLANG_WARN_OBJC_LITERAL_CONVERSION = YES;
				CLANG_WARN_OBJC_ROOT_CLASS = YES_ERROR;
				CLANG_WARN_QUOTED_INCLUDE_IN_FRAMEWORK_HEADER = YES;
				CLANG_WARN_RANGE_LOOP_ANALYSIS = YES;
				CLANG_WARN_STRICT_PROTOTYPES = YES;
				CLANG_WARN_SUSPICIOUS_MOVE = YES;
				CLANG_WARN_UNGUARDED_AVAILABILITY = YES_AGGRESSIVE;
				CLANG_WARN_UNREACHABLE_CODE = YES;
				CLANG_WARN__DUPLICATE_METHOD_MATCH = YES;
				COPY_PHASE_STRIP = NO;
				DEBUG_INFORMATION_FORMAT = dwarf;
				ENABLE_STRICT_OBJC_MSGSEND = YES;
				ENABLE_TESTABILITY = YES;
				GCC_C_LANGUAGE_STANDARD = gnu11;
				GCC_DYNAMIC_NO_PIC = NO;
				GCC_NO_COMMON_BLOCKS = YES;
				GCC_OPTIMIZATION_LEVEL = 0;
				GCC_PREPROCESSOR_DEFINITIONS = (
					"DEBUG=1",
					"$(inherited)",
				);
				GCC_WARN_64_TO_32_BIT_CONVERSION = YES;
				GCC_WARN_ABOUT_RETURN_TYPE = YES_ERROR;
				GCC_WARN_UNDECLARED_SELECTOR = YES;
				GCC_WARN_UNINITIALIZED_AUTOS = YES_AGGRESSIVE;
				GCC_WARN_UNUSED_FUNCTION = YES;
				GCC_WARN_UNUSED_VARIABLE = YES;
				IPHONEOS_DEPLOYMENT_TARGET = 16.4;
				MTL_ENABLE_DEBUG_INFO = INCLUDE_SOURCE;
				MTL_FAST_MATH = YES;
				ONLY_ACTIVE_ARCH = YES;
				SDKROOT = iphoneos;
				SWIFT_ACTIVE_COMPILATION_CONDITIONS = DEBUG;
				SWIFT_OPTIMIZATION_LEVEL = "-Onone";
			};
			name = Debug;
		};
		019CBD122A97A67B00FC39BB /* Release */ = {
			isa = XCBuildConfiguration;
			buildSettings = {
				ALWAYS_SEARCH_USER_PATHS = NO;
				CLANG_ANALYZER_NONNULL = YES;
				CLANG_ANALYZER_NUMBER_OBJECT_CONVERSION = YES_AGGRESSIVE;
				CLANG_CXX_LANGUAGE_STANDARD = "gnu++20";
				CLANG_ENABLE_MODULES = YES;
				CLANG_ENABLE_OBJC_ARC = YES;
				CLANG_ENABLE_OBJC_WEAK = YES;
				CLANG_WARN_BLOCK_CAPTURE_AUTORELEASING = YES;
				CLANG_WARN_BOOL_CONVERSION = YES;
				CLANG_WARN_COMMA = YES;
				CLANG_WARN_CONSTANT_CONVERSION = YES;
				CLANG_WARN_DEPRECATED_OBJC_IMPLEMENTATIONS = YES;
				CLANG_WARN_DIRECT_OBJC_ISA_USAGE = YES_ERROR;
				CLANG_WARN_DOCUMENTATION_COMMENTS = YES;
				CLANG_WARN_EMPTY_BODY = YES;
				CLANG_WARN_ENUM_CONVERSION = YES;
				CLANG_WARN_INFINITE_RECURSION = YES;
				CLANG_WARN_INT_CONVERSION = YES;
				CLANG_WARN_NON_LITERAL_NULL_CONVERSION = YES;
				CLANG_WARN_OBJC_IMPLICIT_RETAIN_SELF = YES;
				CLANG_WARN_OBJC_LITERAL_CONVERSION = YES;
				CLANG_WARN_OBJC_ROOT_CLASS = YES_ERROR;
				CLANG_WARN_QUOTED_INCLUDE_IN_FRAMEWORK_HEADER = YES;
				CLANG_WARN_RANGE_LOOP_ANALYSIS = YES;
				CLANG_WARN_STRICT_PROTOTYPES = YES;
				CLANG_WARN_SUSPICIOUS_MOVE = YES;
				CLANG_WARN_UNGUARDED_AVAILABILITY = YES_AGGRESSIVE;
				CLANG_WARN_UNREACHABLE_CODE = YES;
				CLANG_WARN__DUPLICATE_METHOD_MATCH = YES;
				COPY_PHASE_STRIP = NO;
				DEBUG_INFORMATION_FORMAT = "dwarf-with-dsym";
				ENABLE_NS_ASSERTIONS = NO;
				ENABLE_STRICT_OBJC_MSGSEND = YES;
				GCC_C_LANGUAGE_STANDARD = gnu11;
				GCC_NO_COMMON_BLOCKS = YES;
				GCC_WARN_64_TO_32_BIT_CONVERSION = YES;
				GCC_WARN_ABOUT_RETURN_TYPE = YES_ERROR;
				GCC_WARN_UNDECLARED_SELECTOR = YES;
				GCC_WARN_UNINITIALIZED_AUTOS = YES_AGGRESSIVE;
				GCC_WARN_UNUSED_FUNCTION = YES;
				GCC_WARN_UNUSED_VARIABLE = YES;
				IPHONEOS_DEPLOYMENT_TARGET = 16.4;
				MTL_ENABLE_DEBUG_INFO = NO;
				MTL_FAST_MATH = YES;
				SDKROOT = iphoneos;
				SWIFT_COMPILATION_MODE = wholemodule;
				SWIFT_OPTIMIZATION_LEVEL = "-O";
				VALIDATE_PRODUCT = YES;
			};
			name = Release;
		};
		019CBD142A97A67B00FC39BB /* Debug */ = {
			isa = XCBuildConfiguration;
			buildSettings = {
				ASSETCATALOG_COMPILER_APPICON_NAME = AppIcon;
				ASSETCATALOG_COMPILER_GLOBAL_ACCENT_COLOR_NAME = AccentColor;
				CODE_SIGN_STYLE = Automatic;
				CURRENT_PROJECT_VERSION = 1;
				DEVELOPMENT_ASSET_PATHS = "\"Vatten/Preview Content\"";
				DEVELOPMENT_TEAM = 26ZTD48MZG;
				ENABLE_PREVIEWS = YES;
				GENERATE_INFOPLIST_FILE = YES;
				INFOPLIST_FILE = Vatten/Info.plist;
				INFOPLIST_KEY_UIApplicationSceneManifest_Generation = YES;
				INFOPLIST_KEY_UIApplicationSupportsIndirectInputEvents = YES;
				INFOPLIST_KEY_UILaunchScreen_Generation = YES;
				INFOPLIST_KEY_UISupportedInterfaceOrientations_iPad = "UIInterfaceOrientationPortrait UIInterfaceOrientationPortraitUpsideDown UIInterfaceOrientationLandscapeLeft UIInterfaceOrientationLandscapeRight";
				INFOPLIST_KEY_UISupportedInterfaceOrientations_iPhone = "UIInterfaceOrientationPortrait UIInterfaceOrientationLandscapeLeft UIInterfaceOrientationLandscapeRight";
				LD_RUNPATH_SEARCH_PATHS = (
					"$(inherited)",
					"@executable_path/Frameworks",
				);
				MARKETING_VERSION = 1.0;
				PRODUCT_BUNDLE_IDENTIFIER = baurnick.Vatten;
				PRODUCT_NAME = "$(TARGET_NAME)";
				SWIFT_EMIT_LOC_STRINGS = YES;
				SWIFT_VERSION = 5.0;
				TARGETED_DEVICE_FAMILY = "1,2";
			};
			name = Debug;
		};
		019CBD152A97A67B00FC39BB /* Release */ = {
			isa = XCBuildConfiguration;
			buildSettings = {
				ASSETCATALOG_COMPILER_APPICON_NAME = AppIcon;
				ASSETCATALOG_COMPILER_GLOBAL_ACCENT_COLOR_NAME = AccentColor;
				CODE_SIGN_STYLE = Automatic;
				CURRENT_PROJECT_VERSION = 1;
				DEVELOPMENT_ASSET_PATHS = "\"Vatten/Preview Content\"";
				DEVELOPMENT_TEAM = 26ZTD48MZG;
				ENABLE_PREVIEWS = YES;
				GENERATE_INFOPLIST_FILE = YES;
				INFOPLIST_FILE = Vatten/Info.plist;
				INFOPLIST_KEY_UIApplicationSceneManifest_Generation = YES;
				INFOPLIST_KEY_UIApplicationSupportsIndirectInputEvents = YES;
				INFOPLIST_KEY_UILaunchScreen_Generation = YES;
				INFOPLIST_KEY_UISupportedInterfaceOrientations_iPad = "UIInterfaceOrientationPortrait UIInterfaceOrientationPortraitUpsideDown UIInterfaceOrientationLandscapeLeft UIInterfaceOrientationLandscapeRight";
				INFOPLIST_KEY_UISupportedInterfaceOrientations_iPhone = "UIInterfaceOrientationPortrait UIInterfaceOrientationLandscapeLeft UIInterfaceOrientationLandscapeRight";
				LD_RUNPATH_SEARCH_PATHS = (
					"$(inherited)",
					"@executable_path/Frameworks",
				);
				MARKETING_VERSION = 1.0;
				PRODUCT_BUNDLE_IDENTIFIER = baurnick.Vatten;
				PRODUCT_NAME = "$(TARGET_NAME)";
				SWIFT_EMIT_LOC_STRINGS = YES;
				SWIFT_VERSION = 5.0;
				TARGETED_DEVICE_FAMILY = "1,2";
			};
			name = Release;
		};
/* End XCBuildConfiguration section */

/* Begin XCConfigurationList section */
		019CBD002A97A67A00FC39BB /* Build configuration list for PBXProject "Vatten" */ = {
			isa = XCConfigurationList;
			buildConfigurations = (
				019CBD112A97A67B00FC39BB /* Debug */,
				019CBD122A97A67B00FC39BB /* Release */,
			);
			defaultConfigurationIsVisible = 0;
			defaultConfigurationName = Release;
		};
		019CBD132A97A67B00FC39BB /* Build configuration list for PBXNativeTarget "Vatten" */ = {
			isa = XCConfigurationList;
			buildConfigurations = (
				019CBD142A97A67B00FC39BB /* Debug */,
				019CBD152A97A67B00FC39BB /* Release */,
			);
			defaultConfigurationIsVisible = 0;
			defaultConfigurationName = Release;
		};
/* End XCConfigurationList section */
	};
	rootObject = 019CBCFD2A97A67A00FC39BB /* Project object */;
}
